{
  "lockfile-version": 1,
  "manifest": {
    "version": 1,
    "install": {
      "droid": {
        "pkg-path": "flox/droid",
        "pkg-group": "droid",
        "systems": [
          "x86_64-linux",
          "aarch64-darwin"
        ]
      }
    },
    "hook": {
      "on-activate": "echo \"\"\necho \"🤖 Droid - AI Software Development Agent from Factory\"\necho \"\"\necho \"Automate refactors, incident response, and migrations across your workflow.\"\necho \"\"\necho \"First-time setup:\"\necho \"  droid                       # Launch interactive session\"\necho \"                              # Authenticate on first run\"\necho \"\"\necho \"Usage:\"\necho \"  droid                       # Interactive mode (IDE/terminal)\"\necho \"  droid exec \\\"task\\\"          # Headless mode (CI/CD, scripts)\"\necho \"  droid --help                # Show all options\"\necho \"\"\necho \"Features:\"\necho \"  • Complete development tasks autonomously\"\necho \"  • Works with existing tools (VS Code, JetBrains, Vim)\"\necho \"  • Headless mode for CI/CD and automation\"\necho \"  • Multi-interface (CLI, Web, Slack, Teams, Linear, Jira)\"\necho \"  • Model-agnostic (works with any provider)\"\necho \"\"\necho \"Requires: Factory.ai account\"\necho \"\"\n"
    },
    "profile": {},
    "options": {}
  },
  "packages": [
    {
      "attr_path": "droid",
      "broken": false,
      "derivation": "/nix/store/rcx0vv7jzfl77dslbf94znh69gb5l82g-droid-0.94.1.drv",
      "description": "Factory AI's Droid - AI-powered development agent for your terminal",
      "install_id": "droid",
      "license": "Unfree",
      "locked_url": "git@github.com:barstoolbluz/nix-ai-tools.git?rev=b03b6e224d93f632fe7b0513086b97d9f45b5a1c",
      "name": "droid-0.94.1",
      "pname": "droid",
      "rev": "b03b6e224d93f632fe7b0513086b97d9f45b5a1c",
      "rev_count": 71,
      "rev_date": "2026-04-04T13:36:08Z",
      "scrape_date": "2026-04-04T14:07:22.353387690Z",
      "stabilities": [
        "staging",
        "unstable",
        "stable"
      ],
      "unfree": true,
      "version": "0.94.1",
      "outputs_to_install": [
        "out"
      ],
      "outputs": {
        "out": "/nix/store/1v5lda681k2gwa8lgxq7awx8br5v96qk-droid-0.94.1"
      },
      "system": "aarch64-darwin",
      "group": "droid",
      "priority": 5
    },
    {
      "attr_path": "droid",
      "broken": false,
      "derivation": "/nix/store/7wdbl7ycv1zinvqf5b71rlrr009p0342-droid-0.94.1.drv",
      "description": "Factory AI's Droid - AI-powered development agent for your terminal",
      "install_id": "droid",
      "license": "Unfree",
      "locked_url": "git@github.com:barstoolbluz/nix-ai-tools.git?rev=b03b6e224d93f632fe7b0513086b97d9f45b5a1c",
      "name": "droid-0.94.1",
      "pname": "droid",
      "rev": "b03b6e224d93f632fe7b0513086b97d9f45b5a1c",
      "rev_count": 71,
      "rev_date": "2026-04-04T13:36:08Z",
      "scrape_date": "2026-04-04T14:07:22.353395926Z",
      "stabilities": [
        "staging",
        "unstable",
        "stable"
      ],
      "unfree": true,
      "version": "0.94.1",
      "outputs_to_install": [
        "out"
      ],
      "outputs": {
        "out": "/nix/store/frqaqvv7capns3amv1qgjrc1bqsc0ahm-droid-0.94.1"
      },
      "system": "x86_64-linux",
      "group": "droid",
      "priority": 5
    }
  ]
}
