{
  "lockfile-version": 1,
  "manifest": {
    "version": 1,
    "install": {
      "flox-mcp-server": {
        "pkg-path": "flox/flox-mcp-server",
        "pkg-group": "flox-mcp-server",
        "systems": [
          "aarch64-darwin",
          "aarch64-linux",
          "x86_64-linux"
        ]
      }
    },
    "hook": {
      "on-activate": "echo \"\"\necho \"Flox MCP Server\"\necho \"\"\necho \"Model Context Protocol server for Flox package management.\"\necho \"Integrates with AI assistants (Claude, VS Code) via stdio transport.\"\necho \"\"\necho \"Integration:\"\necho \"  Claude Code:   claude mcp server add flox -- flox-mcp\"\necho \"  VS Code:       MCP: Add Server -> Command (stdio) -> flox-mcp\"\necho \"\"\necho \"Command: flox-mcp\"\necho \"Transport: stdio\"\necho \"\"\n"
    },
    "profile": {},
    "options": {}
  },
  "packages": [
    {
      "attr_path": "flox-mcp-server",
      "broken": false,
      "derivation": "/nix/store/42yhyz534mb9ahs2h1irbfzir336axph-flox-mcp-server-0.1.4.drv",
      "description": "MCP server for Flox package manager",
      "install_id": "flox-mcp-server",
      "license": "MIT",
      "locked_url": "https://github.com/flox/mcp-server?rev=567d739090f4e730ed5227119dacfee11b718bb4",
      "name": "flox-mcp-server-0.1.4",
      "pname": "flox-mcp-server",
      "rev": "567d739090f4e730ed5227119dacfee11b718bb4",
      "rev_count": 25,
      "rev_date": "2025-11-17T16:12:37Z",
      "scrape_date": "2025-11-23T22:14:06.911532011Z",
      "stabilities": [
        "unstable"
      ],
      "unfree": false,
      "version": "0.1.4",
      "outputs_to_install": [
        "out"
      ],
      "outputs": {
        "dist": "/nix/store/dy5ksfz29bzm8wgs08kbr45a1xqwi6rq-flox-mcp-server-0.1.4-dist",
        "out": "/nix/store/hjdlrxrq2apg39gxp82l70rgdzfrnahc-flox-mcp-server-0.1.4"
      },
      "system": "aarch64-darwin",
      "group": "flox-mcp-server",
      "priority": 5
    },
    {
      "attr_path": "flox-mcp-server",
      "broken": false,
      "derivation": "/nix/store/21ga19ildfkz429k4s7wjwapy26dinfh-flox-mcp-server-0.1.4.drv",
      "description": "MCP server for Flox package manager",
      "install_id": "flox-mcp-server",
      "license": "MIT",
      "locked_url": "https://github.com/flox/mcp-server?rev=567d739090f4e730ed5227119dacfee11b718bb4",
      "name": "flox-mcp-server-0.1.4",
      "pname": "flox-mcp-server",
      "rev": "567d739090f4e730ed5227119dacfee11b718bb4",
      "rev_count": 25,
      "rev_date": "2025-11-17T16:12:37Z",
      "scrape_date": "2025-11-23T22:14:06.911537037Z",
      "stabilities": [
        "unstable"
      ],
      "unfree": false,
      "version": "0.1.4",
      "outputs_to_install": [
        "out"
      ],
      "outputs": {
        "dist": "/nix/store/2y82svjvsl1mga6y9zijdbfr664x82g2-flox-mcp-server-0.1.4-dist",
        "out": "/nix/store/rn35z9m5bdairplfcsw8gnflmiq7mdv7-flox-mcp-server-0.1.4"
      },
      "system": "aarch64-linux",
      "group": "flox-mcp-server",
      "priority": 5
    },
    {
      "attr_path": "flox-mcp-server",
      "broken": false,
      "derivation": "/nix/store/f4d7csb4j5h24rlzw0hl21kp07lazb88-flox-mcp-server-0.1.4.drv",
      "description": "MCP server for Flox package manager",
      "install_id": "flox-mcp-server",
      "license": "MIT",
      "locked_url": "https://github.com/flox/mcp-server?rev=567d739090f4e730ed5227119dacfee11b718bb4",
      "name": "flox-mcp-server-0.1.4",
      "pname": "flox-mcp-server",
      "rev": "567d739090f4e730ed5227119dacfee11b718bb4",
      "rev_count": 25,
      "rev_date": "2025-11-17T16:12:37Z",
      "scrape_date": "2025-11-23T22:14:06.911538816Z",
      "stabilities": [
        "unstable"
      ],
      "unfree": false,
      "version": "0.1.4",
      "outputs_to_install": [
        "out"
      ],
      "outputs": {
        "dist": "/nix/store/s99b2blzvfs18fb0ln9yry58mqi6d2c8-flox-mcp-server-0.1.4-dist",
        "out": "/nix/store/3sgbs9nj8kxhjhifcpnyzrg041sa92lb-flox-mcp-server-0.1.4"
      },
      "system": "x86_64-linux",
      "group": "flox-mcp-server",
      "priority": 5
    }
  ]
}
