{
  "lockfile-version": 1,
  "manifest": {
    "schema-version": "1.11.0",
    "install": {
      "kilocode-cli": {
        "pkg-path": "kilocode-cli",
        "pkg-group": "kilocode-cli",
        "systems": [
          "x86_64-linux",
          "aarch64-darwin",
          "x86_64-darwin"
        ],
        "outputs": "all"
      }
    },
    "hook": {
      "on-activate": "echo \"\"\necho \"🚀 Kilo Code - Open-Source AI Coding Agent\"\necho \"\"\necho \"A multi-modal AI agent for autonomous coding, architecting, and debugging.\"\necho \"\"\necho \"First-time setup:\"\necho \"  kilocode                    # Launch interactive session\"\necho \"  /config                     # Configure API keys and providers\"\necho \"                              # Or: kilocode config\"\necho \"\"\necho \"Usage:\"\necho \"  kilocode                    # Start interactive chat\"\necho \"  kilocode --auto \\\"prompt\\\"    # Autonomous mode\"\necho \"  kilocode -c                 # Resume last conversation\"\necho \"\"\necho \"Slash commands (in session):\"\necho \"  /help                       # Show all commands\"\necho \"  /mode                       # Switch agent modes (architect, code, debug)\"\necho \"  /model                      # Switch models\"\necho \"  /config                     # Configure providers\"\necho \"  /new                        # Start fresh task\"\necho \"\"\necho \"From Kilo • Open Source\"\necho \"\"\n"
    },
    "profile": {},
    "options": {}
  },
  "packages": [
    {
      "attr_path": "kilocode-cli",
      "broken": false,
      "derivation": "/nix/store/b2pi9nxnmhpmcm0y1xy9dmkx92ziahw2-kilocode-cli-0.25.1.drv",
      "description": "Terminal User Interface for Kilo Code",
      "install_id": "kilocode-cli",
      "license": "Apache-2.0",
      "locked_url": "https://github.com/flox/nixpkgs?rev=6201e203d09599479a3b3450ed24fa81537ebc4e",
      "name": "kilocode-cli-0.25.1",
      "pname": "kilocode-cli",
      "rev": "6201e203d09599479a3b3450ed24fa81537ebc4e",
      "rev_count": 972949,
      "rev_date": "2026-04-01T09:47:46Z",
      "scrape_date": "2026-04-02T18:01:20.064625Z",
      "stabilities": [
        "staging",
        "unstable"
      ],
      "unfree": false,
      "version": "0.25.1",
      "outputs_to_install": [
        "out"
      ],
      "outputs": {
        "out": "/nix/store/faj5c1pnwpf572g19wk2cq569k4a97j8-kilocode-cli-0.25.1"
      },
      "system": "aarch64-darwin",
      "group": "kilocode-cli",
      "priority": 5
    },
    {
      "attr_path": "kilocode-cli",
      "broken": false,
      "derivation": "/nix/store/v6n59c49gp3cw50zghz27wmmnn3k79j8-kilocode-cli-0.25.1.drv",
      "description": "Terminal User Interface for Kilo Code",
      "install_id": "kilocode-cli",
      "license": "Apache-2.0",
      "locked_url": "https://github.com/flox/nixpkgs?rev=6201e203d09599479a3b3450ed24fa81537ebc4e",
      "name": "kilocode-cli-0.25.1",
      "pname": "kilocode-cli",
      "rev": "6201e203d09599479a3b3450ed24fa81537ebc4e",
      "rev_count": 972949,
      "rev_date": "2026-04-01T09:47:46Z",
      "scrape_date": "2026-04-02T19:02:35.015826Z",
      "stabilities": [
        "staging",
        "unstable"
      ],
      "unfree": false,
      "version": "0.25.1",
      "outputs_to_install": [
        "out"
      ],
      "outputs": {
        "out": "/nix/store/j76j3xjljys0g3bb14d3m9fdw9xm6bnv-kilocode-cli-0.25.1"
      },
      "system": "x86_64-darwin",
      "group": "kilocode-cli",
      "priority": 5
    },
    {
      "attr_path": "kilocode-cli",
      "broken": false,
      "derivation": "/nix/store/m2ddjbbbbh3bsqxpxyj9haawd2cq9jyr-kilocode-cli-0.25.1.drv",
      "description": "Terminal User Interface for Kilo Code",
      "install_id": "kilocode-cli",
      "license": "Apache-2.0",
      "locked_url": "https://github.com/flox/nixpkgs?rev=6201e203d09599479a3b3450ed24fa81537ebc4e",
      "name": "kilocode-cli-0.25.1",
      "pname": "kilocode-cli",
      "rev": "6201e203d09599479a3b3450ed24fa81537ebc4e",
      "rev_count": 972949,
      "rev_date": "2026-04-01T09:47:46Z",
      "scrape_date": "2026-04-02T19:36:55.089252Z",
      "stabilities": [
        "staging",
        "unstable"
      ],
      "unfree": false,
      "version": "0.25.1",
      "outputs_to_install": [
        "out"
      ],
      "outputs": {
        "out": "/nix/store/mgv8k97mps10xxcgqa08q07r0byk0jqz-kilocode-cli-0.25.1"
      },
      "system": "x86_64-linux",
      "group": "kilocode-cli",
      "priority": 5
    }
  ]
}
